// !$*UTF8*$!
{
	archiveVersion = 1;
	classes = {
	};
	objectVersion = 46;
	objects = {

/* Begin PBXBuildFile section */
		183C1F491B67A964009B8FA8 /* AppDelegate.swift in Sources */ = {isa = PBXBuildFile; fileRef = 183C1F481B67A964009B8FA8 /* AppDelegate.swift */; };
		183C1F4B1B67A964009B8FA8 /* ViewController.swift in Sources */ = {isa = PBXBuildFile; fileRef = 183C1F4A1B67A964009B8FA8 /* ViewController.swift */; };
		183C1F4E1B67A964009B8FA8 /* Main.storyboard in Resources */ = {isa = PBXBuildFile; fileRef = 183C1F4C1B67A964009B8FA8 /* Main.storyboard */; };
		183C1F501B67A964009B8FA8 /* Assets.xcassets in Resources */ = {isa = PBXBuildFile; fileRef = 183C1F4F1B67A964009B8FA8 /* Assets.xcassets */; };
		183C1F531B67A964009B8FA8 /* LaunchScreen.storyboard in Resources */ = {isa = PBXBuildFile; fileRef = 183C1F511B67A964009B8FA8 /* LaunchScreen.storyboard */; };
		183C1F5E1B67A964009B8FA8 /* Sleeping_in_the_libraryTests.swift in Sources */ = {isa = PBXBuildFile; fileRef = 183C1F5D1B67A964009B8FA8 /* Sleeping_in_the_libraryTests.swift */; };
		183C1F691B67A964009B8FA8 /* Sleeping_in_the_libraryUITests.swift in Sources */ = {isa = PBXBuildFile; fileRef = 183C1F681B67A964009B8FA8 /* Sleeping_in_the_libraryUITests.swift */; };
/* End PBXBuildFile section */

/* Begin PBXContainerItemProxy section */
		183C1F5A1B67A964009B8FA8 /* PBXContainerItemProxy */ = {
			isa = PBXContainerItemProxy;
			containerPortal = 183C1F3D1B67A963009B8FA8 /* Project object */;
			proxyType = 1;
			remoteGlobalIDString = 183C1F441B67A964009B8FA8;
			remoteInfo = "Sleeping in the library";
		};
		183C1F651B67A964009B8FA8 /* PBXContainerItemProxy */ = {
			isa = PBXContainerItemProxy;
			containerPortal = 183C1F3D1B67A963009B8FA8 /* Project object */;
			proxyType = 1;
			remoteGlobalIDString = 183C1F441B67A964009B8FA8;
			remoteInfo = "Sleeping in the library";
		};
/* End PBXContainerItemProxy section */

/* Begin PBXFileReference section */
		183C1F451B67A964009B8FA8 /* Sleeping in the library.app */ = {isa = PBXFileReference; explicitFileType = wrapper.application; includeInIndex = 0; path = "Sleeping in the library.app"; sourceTree = BUILT_PRODUCTS_DIR; };
		183C1F481B67A964009B8FA8 /* AppDelegate.swift */ = {isa = PBXFileReference; lastKnownFileType = sourcecode.swift; path = AppDelegate.swift; sourceTree = "<group>"; };
		183C1F4A1B67A964009B8FA8 /* ViewController.swift */ = {isa = PBXFileReference; lastKnownFileType = sourcecode.swift; path = ViewController.swift; sourceTree = "<group>"; };
		183C1F4D1B67A964009B8FA8 /* Base */ = {isa = PBXFileReference; lastKnownFileType = file.storyboard; name = Base; path = Base.lproj/Main.storyboard; sourceTree = "<group>"; };
		183C1F4F1B67A964009B8FA8 /* Assets.xcassets */ = {isa = PBXFileReference; lastKnownFileType = folder.assetcatalog; path = Assets.xcassets; sourceTree = "<group>"; };
		183C1F521B67A964009B8FA8 /* Base */ = {isa = PBXFileReference; lastKnownFileType = file.storyboard; name = Base; path = Base.lproj/LaunchScreen.storyboard; sourceTree = "<group>"; };
		183C1F541B67A964009B8FA8 /* Info.plist */ = {isa = PBXFileReference; lastKnownFileType = text.plist.xml; path = Info.plist; sourceTree = "<group>"; };
		183C1F591B67A964009B8FA8 /* Sleeping in the libraryTests.xctest */ = {isa = PBXFileReference; explicitFileType = wrapper.cfbundle; includeInIndex = 0; path = "Sleeping in the libraryTests.xctest"; sourceTree = BUILT_PRODUCTS_DIR; };
		183C1F5D1B67A964009B8FA8 /* Sleeping_in_the_libraryTests.swift */ = {isa = PBXFileReference; lastKnownFileType = sourcecode.swift; path = Sleeping_in_the_libraryTests.swift; sourceTree = "<group>"; };
		183C1F5F1B67A964009B8FA8 /* Info.plist */ = {isa = PBXFileReference; lastKnownFileType = text.plist.xml; path = Info.plist; sourceTree = "<group>"; };
		183C1F641B67A964009B8FA8 /* Sleeping in the libraryUITests.xctest */ = {isa = PBXFileReference; explicitFileType = wrapper.cfbundle; includeInIndex = 0; path = "Sleeping in the libraryUITests.xctest"; sourceTree = BUILT_PRODUCTS_DIR; };
		183C1F681B67A964009B8FA8 /* Sleeping_in_the_libraryUITests.swift */ = {isa = PBXFileReference; lastKnownFileType = sourcecode.swift; path = Sleeping_in_the_libraryUITests.swift; sourceTree = "<group>"; };
		183C1F6A1B67A964009B8FA8 /* Info.plist */ = {isa = PBXFileReference; lastKnownFileType = text.plist.xml; path = Info.plist; sourceTree = "<group>"; };
/* End PBXFileReference section */

/* Begin PBXFrameworksBuildPhase section */
		183C1F421B67A964009B8FA8 /* Frameworks */ = {
			isa = PBXFrameworksBuildPhase;
			buildActionMask = 2147483647;
			files = (
			);
			runOnlyForDeploymentPostprocessing = 0;
		};
		183C1F561B67A964009B8FA8 /* Frameworks */ = {
			isa = PBXFrameworksBuildPhase;
			buildActionMask = 2147483647;
			files = (
			);
			runOnlyForDeploymentPostprocessing = 0;
		};
		183C1F611B67A964009B8FA8 /* Frameworks */ = {
			isa = PBXFrameworksBuildPhase;
			buildActionMask = 2147483647;
			files = (
			);
			runOnlyForDeploymentPostprocessing = 0;
		};
/* End PBXFrameworksBuildPhase section */

/* Begin PBXGroup section */
		183C1F3C1B67A963009B8FA8 = {
			isa = PBXGroup;
			children = (
				183C1F471B67A964009B8FA8 /* Sleeping in the library */,
				183C1F5C1B67A964009B8FA8 /* Sleeping in the libraryTests */,
				183C1F671B67A964009B8FA8 /* Sleeping in the libraryUITests */,
				183C1F461B67A964009B8FA8 /* Products */,
			);
			sourceTree = "<group>";
		};
		183C1F461B67A964009B8FA8 /* Products */ = {
			isa = PBXGroup;
			children = (
				183C1F451B67A964009B8FA8 /* Sleeping in the library.app */,
				183C1F591B67A964009B8FA8 /* Sleeping in the libraryTests.xctest */,
				183C1F641B67A964009B8FA8 /* Sleeping in the libraryUITests.xctest */,
			);
			name = Products;
			sourceTree = "<group>";
		};
		183C1F471B67A964009B8FA8 /* Sleeping in the library */ = {
			isa = PBXGroup;
			children = (
				183C1F481B67A964009B8FA8 /* AppDelegate.swift */,
				183C1F4A1B67A964009B8FA8 /* ViewController.swift */,
				183C1F4C1B67A964009B8FA8 /* Main.storyboard */,
				183C1F4F1B67A964009B8FA8 /* Assets.xcassets */,
				183C1F511B67A964009B8FA8 /* LaunchScreen.storyboard */,
				183C1F541B67A964009B8FA8 /* Info.plist */,
			);
			path = "Sleeping in the library";
			sourceTree = "<group>";
		};
		183C1F5C1B67A964009B8FA8 /* Sleeping in the libraryTests */ = {
			isa = PBXGroup;
			children = (
				183C1F5D1B67A964009B8FA8 /* Sleeping_in_the_libraryTests.swift */,
				183C1F5F1B67A964009B8FA8 /* Info.plist */,
			);
			path = "Sleeping in the libraryTests";
			sourceTree = "<group>";
		};
		183C1F671B67A964009B8FA8 /* Sleeping in the libraryUITests */ = {
			isa = PBXGroup;
			children = (
				183C1F681B67A964009B8FA8 /* Sleeping_in_the_libraryUITests.swift */,
				183C1F6A1B67A964009B8FA8 /* Info.plist */,
			);
			path = "Sleeping in the libraryUITests";
			sourceTree = "<group>";
		};
/* End PBXGroup section */

/* Begin PBXNativeTarget section */
		183C1F441B67A964009B8FA8 /* Sleeping in the library */ = {
			isa = PBXNativeTarget;
			buildConfigurationList = 183C1F6D1B67A964009B8FA8 /* Build configuration list for PBXNativeTarget "Sleeping in the library" */;
			buildPhases = (
				183C1F411B67A964009B8FA8 /* Sources */,
				183C1F421B67A964009B8FA8 /* Frameworks */,
				183C1F431B67A964009B8FA8 /* Resources */,
			);
			buildRules = (
			);
			dependencies = (
			);
			name = "Sleeping in the library";
			productName = "Sleeping in the library";
			productReference = 183C1F451B67A964009B8FA8 /* Sleeping in the library.app */;
			productType = "com.apple.product-type.application";
		};
		183C1F581B67A964009B8FA8 /* Sleeping in the libraryTests */ = {
			isa = PBXNativeTarget;
			buildConfigurationList = 183C1F701B67A964009B8FA8 /* Build configuration list for PBXNativeTarget "Sleeping in the libraryTests" */;
			buildPhases = (
				183C1F551B67A964009B8FA8 /* Sources */,
				183C1F561B67A964009B8FA8 /* Frameworks */,
				183C1F571B67A964009B8FA8 /* Resources */,
			);
			buildRules = (
			);
			dependencies = (
				183C1F5B1B67A964009B8FA8 /* PBXTargetDependency */,
			);
			name = "Sleeping in the libraryTests";
			productName = "Sleeping in the libraryTests";
			productReference = 183C1F591B67A964009B8FA8 /* Sleeping in the libraryTests.xctest */;
			productType = "com.apple.product-type.bundle.unit-test";
		};
		183C1F631B67A964009B8FA8 /* Sleeping in the libraryUITests */ = {
			isa = PBXNativeTarget;
			buildConfigurationList = 183C1F731B67A964009B8FA8 /* Build configuration list for PBXNativeTarget "Sleeping in the libraryUITests" */;
			buildPhases = (
				183C1F601B67A964009B8FA8 /* Sources */,
				183C1F611B67A964009B8FA8 /* Frameworks */,
				183C1F621B67A964009B8FA8 /* Resources */,
			);
			buildRules = (
			);
			dependencies = (
				183C1F661B67A964009B8FA8 /* PBXTargetDependency */,
			);
			name = "Sleeping in the libraryUITests";
			productName = "Sleeping in the libraryUITests";
			productReference = 183C1F641B67A964009B8FA8 /* Sleeping in the libraryUITests.xctest */;
			productType = "com.apple.product-type.bundle.ui-testing";
		};
/* End PBXNativeTarget section */

/* Begin PBXProject section */
		183C1F3D1B67A963009B8FA8 /* Project object */ = {
			isa = PBXProject;
			attributes = {
				LastUpgradeCheck = 0700;
				ORGANIZATIONNAME = "Rodrigo Pena";
				TargetAttributes = {
					183C1F441B67A964009B8FA8 = {
						CreatedOnToolsVersion = 7.0;
					};
					183C1F581B67A964009B8FA8 = {
						CreatedOnToolsVersion = 7.0;
						TestTargetID = 183C1F441B67A964009B8FA8;
					};
					183C1F631B67A964009B8FA8 = {
						CreatedOnToolsVersion = 7.0;
						TestTargetID = 183C1F441B67A964009B8FA8;
					};
				};
			};
			buildConfigurationList = 183C1F401B67A963009B8FA8 /* Build configuration list for PBXProject "Sleeping in the library" */;
			compatibilityVersion = "Xcode 3.2";
			developmentRegion = English;
			hasScannedForEncodings = 0;
			knownRegions = (
				en,
				Base,
			);
			mainGroup = 183C1F3C1B67A963009B8FA8;
			productRefGroup = 183C1F461B67A964009B8FA8 /* Products */;
			projectDirPath = "";
			projectRoot = "";
			targets = (
				183C1F441B67A964009B8FA8 /* Sleeping in the library */,
				183C1F581B67A964009B8FA8 /* Sleeping in the libraryTests */,
				183C1F631B67A964009B8FA8 /* Sleeping in the libraryUITests */,
			);
		};
/* End PBXProject section */

/* Begin PBXResourcesBuildPhase section */
		183C1F431B67A964009B8FA8 /* Resources */ = {
			isa = PBXResourcesBuildPhase;
			buildActionMask = 2147483647;
			files = (
				183C1F531B67A964009B8FA8 /* LaunchScreen.storyboard in Resources */,
				183C1F501B67A964009B8FA8 /* Assets.xcassets in Resources */,
				183C1F4E1B67A964009B8FA8 /* Main.storyboard in Resources */,
			);
			runOnlyForDeploymentPostprocessing = 0;
		};
		183C1F571B67A964009B8FA8 /* Resources */ = {
			isa = PBXResourcesBuildPhase;
			buildActionMask = 2147483647;
			files = (
			);
			runOnlyForDeploymentPostprocessing = 0;
		};
		183C1F621B67A964009B8FA8 /* Resources */ = {
			isa = PBXResourcesBuildPhase;
			buildActionMask = 2147483647;
			files = (
			);
			runOnlyForDeploymentPostprocessing = 0;
		};
/* End PBXResourcesBuildPhase section */

/* Begin PBXSourcesBuildPhase section */
		183C1F411B67A964009B8FA8 /* Sources */ = {
			isa = PBXSourcesBuildPhase;
			buildActionMask = 2147483647;
			files = (
				183C1F4B1B67A964009B8FA8 /* ViewController.swift in Sources */,
				183C1F491B67A964009B8FA8 /* AppDelegate.swift in Sources */,
			);
			runOnlyForDeploymentPostprocessing = 0;
		};
		183C1F551B67A964009B8FA8 /* Sources */ = {
			isa = PBXSourcesBuildPhase;
			buildActionMask = 2147483647;
			files = (
				183C1F5E1B67A964009B8FA8 /* Sleeping_in_the_libraryTests.swift in Sources */,
			);
			runOnlyForDeploymentPostprocessing = 0;
		};
		183C1F601B67A964009B8FA8 /* Sources */ = {
			isa = PBXSourcesBuildPhase;
			buildActionMask = 2147483647;
			files = (
				183C1F691B67A964009B8FA8 /* Sleeping_in_the_libraryUITests.swift in Sources */,
			);
			runOnlyForDeploymentPostprocessing = 0;
		};
/* End PBXSourcesBuildPhase section */

/* Begin PBXTargetDependency section */
		183C1F5B1B67A964009B8FA8 /* PBXTargetDependency */ = {
			isa = PBXTargetDependency;
			target = 183C1F441B67A964009B8FA8 /* Sleeping in the library */;
			targetProxy = 183C1F5A1B67A964009B8FA8 /* PBXContainerItemProxy */;
		};
		183C1F661B67A964009B8FA8 /* PBXTargetDependency */ = {
			isa = PBXTargetDependency;
			target = 183C1F441B67A964009B8FA8 /* Sleeping in the library */;
			targetProxy = 183C1F651B67A964009B8FA8 /* PBXContainerItemProxy */;
		};
/* End PBXTargetDependency section */

/* Begin PBXVariantGroup section */
		183C1F4C1B67A964009B8FA8 /* Main.storyboard */ = {
			isa = PBXVariantGroup;
			children = (
				183C1F4D1B67A964009B8FA8 /* Base */,
			);
			name = Main.storyboard;
			sourceTree = "<group>";
		};
		183C1F511B67A964009B8FA8 /* LaunchScreen.storyboard */ = {
			isa = PBXVariantGroup;
			children = (
				183C1F521B67A964009B8FA8 /* Base */,
			);
			name = LaunchScreen.storyboard;
			sourceTree = "<group>";
		};
/* End PBXVariantGroup section */

/* Begin XCBuildConfiguration section */
		183C1F6B1B67A964009B8FA8 /* Debug */ = {
			isa = XCBuildConfiguration;
			buildSettings = {
				ALWAYS_SEARCH_USER_PATHS = NO;
				CLANG_CXX_LANGUAGE_STANDARD = "gnu++0x";
				CLANG_CXX_LIBRARY = "libc++";
				CLANG_ENABLE_MODULES = YES;
				CLANG_ENABLE_OBJC_ARC = YES;
				CLANG_WARN_BOOL_CONVERSION = YES;
				CLANG_WARN_CONSTANT_CONVERSION = YES;
				CLANG_WARN_DIRECT_OBJC_ISA_USAGE = YES_ERROR;
				CLANG_WARN_EMPTY_BODY = YES;
				CLANG_WARN_ENUM_CONVERSION = YES;
				CLANG_WARN_INT_CONVERSION = YES;
				CLANG_WARN_OBJC_ROOT_CLASS = YES_ERROR;
				CLANG_WARN_UNREACHABLE_CODE = YES;
				CLANG_WARN__DUPLICATE_METHOD_MATCH = YES;
				"CODE_SIGN_IDENTITY[sdk=iphoneos*]" = "iPhone Developer";
				COPY_PHASE_STRIP = NO;
				DEBUG_INFORMATION_FORMAT = dwarf;
				ENABLE_STRICT_OBJC_MSGSEND = YES;
				ENABLE_TESTABILITY = YES;
				GCC_C_LANGUAGE_STANDARD = gnu99;
				GCC_DYNAMIC_NO_PIC = NO;
				GCC_NO_COMMON_BLOCKS = YES;
				GCC_OPTIMIZATION_LEVEL = 0;
				GCC_PREPROCESSOR_DEFINITIONS = (
					"DEBUG=1",
					"$(inherited)",
				);
				GCC_WARN_64_TO_32_BIT_CONVERSION = YES;
				GCC_WARN_ABOUT_RETURN_TYPE = YES_ERROR;
				GCC_WARN_UNDECLARED_SELECTOR = YES;
				GCC_WARN_UNINITIALIZED_AUTOS = YES_AGGRESSIVE;
				GCC_WARN_UNUSED_FUNCTION = YES;
				GCC_WARN_UNUSED_VARIABLE = YES;
				IPHONEOS_DEPLOYMENT_TARGET = 9.0;
				MTL_ENABLE_DEBUG_INFO = YES;
				ONLY_ACTIVE_ARCH = YES;
				SDKROOT = iphoneos;
				SWIFT_OPTIMIZATION_LEVEL = "-Onone";
				TARGETED_DEVICE_FAMILY = "1,2";
			};
			name = Debug;
		};
		183C1F6C1B67A964009B8FA8 /* Release */ = {
			isa = XCBuildConfiguration;
			buildSettings = {
				ALWAYS_SEARCH_USER_PATHS = NO;
				CLANG_CXX_LANGUAGE_STANDARD = "gnu++0x";
				CLANG_CXX_LIBRARY = "libc++";
				CLANG_ENABLE_MODULES = YES;
				CLANG_ENABLE_OBJC_ARC = YES;
				CLANG_WARN_BOOL_CONVERSION = YES;
				CLANG_WARN_CONSTANT_CONVERSION = YES;
				CLANG_WARN_DIRECT_OBJC_ISA_USAGE = YES_ERROR;
				CLANG_WARN_EMPTY_BODY = YES;
				CLANG_WARN_ENUM_CONVERSION = YES;
				CLANG_WARN_INT_CONVERSION = YES;
				CLANG_WARN_OBJC_ROOT_CLASS = YES_ERROR;
				CLANG_WARN_UNREACHABLE_CODE = YES;
				CLANG_WARN__DUPLICATE_METHOD_MATCH = YES;
				"CODE_SIGN_IDENTITY[sdk=iphoneos*]" = "iPhone Developer";
				COPY_PHASE_STRIP = NO;
				DEBUG_INFORMATION_FORMAT = "dwarf-with-dsym";
				ENABLE_NS_ASSERTIONS = NO;
				ENABLE_STRICT_OBJC_MSGSEND = YES;
				GCC_C_LANGUAGE_STANDARD = gnu99;
				GCC_NO_COMMON_BLOCKS = YES;
				GCC_WARN_64_TO_32_BIT_CONVERSION = YES;
				GCC_WARN_ABOUT_RETURN_TYPE = YES_ERROR;
				GCC_WARN_UNDECLARED_SELECTOR = YES;
				GCC_WARN_UNINITIALIZED_AUTOS = YES_AGGRESSIVE;
				GCC_WARN_UNUSED_FUNCTION = YES;
				GCC_WARN_UNUSED_VARIABLE = YES;
				IPHONEOS_DEPLOYMENT_TARGET = 9.0;
				MTL_ENABLE_DEBUG_INFO = NO;
				SDKROOT = iphoneos;
				TARGETED_DEVICE_FAMILY = "1,2";
				VALIDATE_PRODUCT = YES;
			};
			name = Release;
		};
		183C1F6E1B67A964009B8FA8 /* Debug */ = {
			isa = XCBuildConfiguration;
			buildSettings = {
				ASSETCATALOG_COMPILER_APPICON_NAME = AppIcon;
				INFOPLIST_FILE = "Sleeping in the library/Info.plist";
				LD_RUNPATH_SEARCH_PATHS = "$(inherited) @executable_path/Frameworks";
				PRODUCT_BUNDLE_IDENTIFIER = "com.Swift.Sleeping-in-the-library";
				PRODUCT_NAME = "$(TARGET_NAME)";
			};
			name = Debug;
		};
		183C1F6F1B67A964009B8FA8 /* Release */ = {
			isa = XCBuildConfiguration;
			buildSettings = {
				ASSETCATALOG_COMPILER_APPICON_NAME = AppIcon;
				INFOPLIST_FILE = "Sleeping in the library/Info.plist";
				LD_RUNPATH_SEARCH_PATHS = "$(inherited) @executable_path/Frameworks";
				PRODUCT_BUNDLE_IDENTIFIER = "com.Swift.Sleeping-in-the-library";
				PRODUCT_NAME = "$(TARGET_NAME)";
			};
			name = Release;
		};
		183C1F711B67A964009B8FA8 /* Debug */ = {
			isa = XCBuildConfiguration;
			buildSettings = {
				BUNDLE_LOADER = "$(TEST_HOST)";
				INFOPLIST_FILE = "Sleeping in the libraryTests/Info.plist";
				LD_RUNPATH_SEARCH_PATHS = "$(inherited) @executable_path/Frameworks @loader_path/Frameworks";
				PRODUCT_BUNDLE_IDENTIFIER = "com.Swift.Sleeping-in-the-libraryTests";
				PRODUCT_NAME = "$(TARGET_NAME)";
				TEST_HOST = "$(BUILT_PRODUCTS_DIR)/Sleeping in the library.app/Sleeping in the library";
			};
			name = Debug;
		};
		183C1F721B67A964009B8FA8 /* Release */ = {
			isa = XCBuildConfiguration;
			buildSettings = {
				BUNDLE_LOADER = "$(TEST_HOST)";
				INFOPLIST_FILE = "Sleeping in the libraryTests/Info.plist";
				LD_RUNPATH_SEARCH_PATHS = "$(inherited) @executable_path/Frameworks @loader_path/Frameworks";
				PRODUCT_BUNDLE_IDENTIFIER = "com.Swift.Sleeping-in-the-libraryTests";
				PRODUCT_NAME = "$(TARGET_NAME)";
				TEST_HOST = "$(BUILT_PRODUCTS_DIR)/Sleeping in the library.app/Sleeping in the library";
			};
			name = Release;
		};
		183C1F741B67A964009B8FA8 /* Debug */ = {
			isa = XCBuildConfiguration;
			buildSettings = {
				INFOPLIST_FILE = "Sleeping in the libraryUITests/Info.plist";
				LD_RUNPATH_SEARCH_PATHS = "$(inherited) @executable_path/Frameworks @loader_path/Frameworks";
				PRODUCT_BUNDLE_IDENTIFIER = "com.Swift.Sleeping-in-the-libraryUITests";
				PRODUCT_NAME = "$(TARGET_NAME)";
				TEST_TARGET_NAME = "Sleeping in the library";
				USES_XCTRUNNER = YES;
			};
			name = Debug;
		};
		183C1F751B67A964009B8FA8 /* Release */ = {
			isa = XCBuildConfiguration;
			buildSettings = {
				INFOPLIST_FILE = "Sleeping in the libraryUITests/Info.plist";
				LD_RUNPATH_SEARCH_PATHS = "$(inherited) @executable_path/Frameworks @loader_path/Frameworks";
				PRODUCT_BUNDLE_IDENTIFIER = "com.Swift.Sleeping-in-the-libraryUITests";
				PRODUCT_NAME = "$(TARGET_NAME)";
				TEST_TARGET_NAME = "Sleeping in the library";
				USES_XCTRUNNER = YES;
			};
			name = Release;
		};
/* End XCBuildConfiguration section */

/* Begin XCConfigurationList section */
		183C1F401B67A963009B8FA8 /* Build configuration list for PBXProject "Sleeping in the library" */ = {
			isa = XCConfigurationList;
			buildConfigurations = (
				183C1F6B1B67A964009B8FA8 /* Debug */,
				183C1F6C1B67A964009B8FA8 /* Release */,
			);
			defaultConfigurationIsVisible = 0;
			defaultConfigurationName = Release;
		};
		183C1F6D1B67A964009B8FA8 /* Build configuration list for PBXNativeTarget "Sleeping in the library" */ = {
			isa = XCConfigurationList;
			buildConfigurations = (
				183C1F6E1B67A964009B8FA8 /* Debug */,
				183C1F6F1B67A964009B8FA8 /* Release */,
			);
			defaultConfigurationIsVisible = 0;
		};
		183C1F701B67A964009B8FA8 /* Build configuration list for PBXNativeTarget "Sleeping in the libraryTests" */ = {
			isa = XCConfigurationList;
			buildConfigurations = (
				183C1F711B67A964009B8FA8 /* Debug */,
				183C1F721B67A964009B8FA8 /* Release */,
			);
			defaultConfigurationIsVisible = 0;
		};
		183C1F731B67A964009B8FA8 /* Build configuration list for PBXNativeTarget "Sleeping in the libraryUITests" */ = {
			isa = XCConfigurationList;
			buildConfigurations = (
				183C1F741B67A964009B8FA8 /* Debug */,
				183C1F751B67A964009B8FA8 /* Release */,
			);
			defaultConfigurationIsVisible = 0;
		};
/* End XCConfigurationList section */
	};
	rootObject = 183C1F3D1B67A963009B8FA8 /* Project object */;
}
